// !$*UTF8*$!
{
	archiveVersion = 1;
	classes = {
	};
	objectVersion = 46;
	objects = {

/* Begin PBXBuildFile section */
		6B014E2715073DD50005DB22 /* libsqlite3.dylib in Frameworks */ = {isa = PBXBuildFile; fileRef = 6B014E2615073DD50005DB22 /* libsqlite3.dylib */; };
		6B014E2A150748810005DB22 /* MEDatabase.sqlite3 in Resources */ = {isa = PBXBuildFile; fileRef = 6B014E291507466D0005DB22 /* MEDatabase.sqlite3 */; };
		6B014E3115074BF70005DB22 /* MELearningGoalViewController.m in Sources */ = {isa = PBXBuildFile; fileRef = 6B014E2F15074BF70005DB22 /* MELearningGoalViewController.m */; };
		6B014E3215074BF70005DB22 /* MELearningGoalViewController.xib in Resources */ = {isa = PBXBuildFile; fileRef = 6B014E3015074BF70005DB22 /* MELearningGoalViewController.xib */; };
		6B77A4EA150A1E72003F5611 /* navHome.png in Resources */ = {isa = PBXBuildFile; fileRef = 6B77A4E7150A1E72003F5611 /* navHome.png */; };
		6B77A4EB150A1E72003F5611 /* navNext.png in Resources */ = {isa = PBXBuildFile; fileRef = 6B77A4E8150A1E72003F5611 /* navNext.png */; };
		6B77A4EC150A1E72003F5611 /* navPrev.png in Resources */ = {isa = PBXBuildFile; fileRef = 6B77A4E9150A1E72003F5611 /* navPrev.png */; };
		6B90AB52152B5E8D00AC64FF /* MEFindingSection1ViewController.m in Sources */ = {isa = PBXBuildFile; fileRef = 6B90AB50152B5E8D00AC64FF /* MEFindingSection1ViewController.m */; };
		6B90AB53152B5E8D00AC64FF /* MEFindingSection1ViewController.xib in Resources */ = {isa = PBXBuildFile; fileRef = 6B90AB51152B5E8D00AC64FF /* MEFindingSection1ViewController.xib */; };
		6BA87A1B150FB1AF00FEB198 /* MEReadingSection1ViewController.m in Sources */ = {isa = PBXBuildFile; fileRef = 6BA87A19150FB1AF00FEB198 /* MEReadingSection1ViewController.m */; };
		6BA87A1C150FB1AF00FEB198 /* MEReadingSection1ViewController.xib in Resources */ = {isa = PBXBuildFile; fileRef = 6BA87A1A150FB1AF00FEB198 /* MEReadingSection1ViewController.xib */; };
		6BA87A21150FB47D00FEB198 /* MEReadingIntroViewController.m in Sources */ = {isa = PBXBuildFile; fileRef = 6BA87A1F150FB47D00FEB198 /* MEReadingIntroViewController.m */; };
		6BA87A22150FB47D00FEB198 /* MEReadingIntroViewController.xib in Resources */ = {isa = PBXBuildFile; fileRef = 6BA87A20150FB47D00FEB198 /* MEReadingIntroViewController.xib */; };
		6BA87A2B150FBF6B00FEB198 /* navHome@2x.png in Resources */ = {isa = PBXBuildFile; fileRef = 6BA87A27150FBF6B00FEB198 /* navHome@2x.png */; };
		6BA87A2C150FBF6B00FEB198 /* navNext@2x.png in Resources */ = {isa = PBXBuildFile; fileRef = 6BA87A28150FBF6B00FEB198 /* navNext@2x.png */; };
		6BA87A2D150FBF6B00FEB198 /* navPrev@2x.png in Resources */ = {isa = PBXBuildFile; fileRef = 6BA87A29150FBF6B00FEB198 /* navPrev@2x.png */; };
		6BA87A2E150FBF6B00FEB198 /* ufo@2x.png in Resources */ = {isa = PBXBuildFile; fileRef = 6BA87A2A150FBF6B00FEB198 /* ufo@2x.png */; };
		6BB3F4941505FE7A00E7C72E /* UIKit.framework in Frameworks */ = {isa = PBXBuildFile; fileRef = 6BB3F4931505FE7A00E7C72E /* UIKit.framework */; };
		6BB3F4961505FE7A00E7C72E /* Foundation.framework in Frameworks */ = {isa = PBXBuildFile; fileRef = 6BB3F4951505FE7A00E7C72E /* Foundation.framework */; };
		6BB3F4981505FE7A00E7C72E /* CoreGraphics.framework in Frameworks */ = {isa = PBXBuildFile; fileRef = 6BB3F4971505FE7A00E7C72E /* CoreGraphics.framework */; };
		6BB3F4A01505FE7A00E7C72E /* main.m in Sources */ = {isa = PBXBuildFile; fileRef = 6BB3F49F1505FE7A00E7C72E /* main.m */; };
		6BB3F4A41505FE7A00E7C72E /* MEAppDelegate.m in Sources */ = {isa = PBXBuildFile; fileRef = 6BB3F4A31505FE7A00E7C72E /* MEAppDelegate.m */; };
		6BB3F4BD1506019300E7C72E /* MELanguageSelectionViewController.m in Sources */ = {isa = PBXBuildFile; fileRef = 6BB3F4BB1506019300E7C72E /* MELanguageSelectionViewController.m */; };
		6BB3F4BE1506019300E7C72E /* MELanguageSelectionViewController.xib in Resources */ = {isa = PBXBuildFile; fileRef = 6BB3F4BC1506019300E7C72E /* MELanguageSelectionViewController.xib */; };
		6BB3F4C315060D3B00E7C72E /* background.png in Resources */ = {isa = PBXBuildFile; fileRef = 6BB3F4C215060D3B00E7C72E /* background.png */; };
		6BB3F4CF1506173C00E7C72E /* METitleViewController.m in Sources */ = {isa = PBXBuildFile; fileRef = 6BB3F4CD1506173C00E7C72E /* METitleViewController.m */; };
		6BB3F4D01506173C00E7C72E /* METitleViewController.xib in Resources */ = {isa = PBXBuildFile; fileRef = 6BB3F4CE1506173C00E7C72E /* METitleViewController.xib */; };
		6BB3F4D21506184000E7C72E /* ufo.png in Resources */ = {isa = PBXBuildFile; fileRef = 6BB3F4D11506184000E7C72E /* ufo.png */; };
		6BF064BA152517D100A540B7 /* MEFindingIntroViewController.m in Sources */ = {isa = PBXBuildFile; fileRef = 6BF064B8152517D100A540B7 /* MEFindingIntroViewController.m */; };
		6BF064BB152517D100A540B7 /* MEFindingIntroViewController.xib in Resources */ = {isa = PBXBuildFile; fileRef = 6BF064B9152517D100A540B7 /* MEFindingIntroViewController.xib */; };
/* End PBXBuildFile section */

/* Begin PBXFileReference section */
		6B014E2615073DD50005DB22 /* libsqlite3.dylib */ = {isa = PBXFileReference; lastKnownFileType = "compiled.mach-o.dylib"; name = libsqlite3.dylib; path = usr/lib/libsqlite3.dylib; sourceTree = SDKROOT; };
		6B014E291507466D0005DB22 /* MEDatabase.sqlite3 */ = {isa = PBXFileReference; lastKnownFileType = file; path = MEDatabase.sqlite3; sourceTree = "<group>"; };
		6B014E2E15074BF70005DB22 /* MELearningGoalViewController.h */ = {isa = PBXFileReference; fileEncoding = 4; lastKnownFileType = sourcecode.c.h; path = MELearningGoalViewController.h; sourceTree = "<group>"; };
		6B014E2F15074BF70005DB22 /* MELearningGoalViewController.m */ = {isa = PBXFileReference; fileEncoding = 4; lastKnownFileType = sourcecode.c.objc; path = MELearningGoalViewController.m; sourceTree = "<group>"; };
		6B014E3015074BF70005DB22 /* MELearningGoalViewController.xib */ = {isa = PBXFileReference; fileEncoding = 4; lastKnownFileType = file.xib; path = MELearningGoalViewController.xib; sourceTree = "<group>"; };
		6B77A4E7150A1E72003F5611 /* navHome.png */ = {isa = PBXFileReference; lastKnownFileType = image.png; path = navHome.png; sourceTree = "<group>"; };
		6B77A4E8150A1E72003F5611 /* navNext.png */ = {isa = PBXFileReference; lastKnownFileType = image.png; path = navNext.png; sourceTree = "<group>"; };
		6B77A4E9150A1E72003F5611 /* navPrev.png */ = {isa = PBXFileReference; lastKnownFileType = image.png; path = navPrev.png; sourceTree = "<group>"; };
		6B77A4EF150A3036003F5611 /* me.title.en.m4a */ = {isa = PBXFileReference; lastKnownFileType = file; path = me.title.en.m4a; sourceTree = "<group>"; };
		6B77A4F4150A31B3003F5611 /* me.subtitle.en.m4a */ = {isa = PBXFileReference; lastKnownFileType = file; path = me.subtitle.en.m4a; sourceTree = "<group>"; };
		6B90AB4F152B5E8D00AC64FF /* MEFindingSection1ViewController.h */ = {isa = PBXFileReference; fileEncoding = 4; lastKnownFileType = sourcecode.c.h; path = MEFindingSection1ViewController.h; sourceTree = "<group>"; };
		6B90AB50152B5E8D00AC64FF /* MEFindingSection1ViewController.m */ = {isa = PBXFileReference; fileEncoding = 4; lastKnownFileType = sourcecode.c.objc; path = MEFindingSection1ViewController.m; sourceTree = "<group>"; };
		6B90AB51152B5E8D00AC64FF /* MEFindingSection1ViewController.xib */ = {isa = PBXFileReference; fileEncoding = 4; lastKnownFileType = file.xib; path = MEFindingSection1ViewController.xib; sourceTree = "<group>"; };
		6BA87A18150FB1AF00FEB198 /* MEReadingSection1ViewController.h */ = {isa = PBXFileReference; fileEncoding = 4; lastKnownFileType = sourcecode.c.h; path = MEReadingSection1ViewController.h; sourceTree = "<group>"; };
		6BA87A19150FB1AF00FEB198 /* MEReadingSection1ViewController.m */ = {isa = PBXFileReference; fileEncoding = 4; lastKnownFileType = sourcecode.c.objc; path = MEReadingSection1ViewController.m; sourceTree = "<group>"; };
		6BA87A1A150FB1AF00FEB198 /* MEReadingSection1ViewController.xib */ = {isa = PBXFileReference; fileEncoding = 4; lastKnownFileType = file.xib; path = MEReadingSection1ViewController.xib; sourceTree = "<group>"; };
		6BA87A1E150FB47D00FEB198 /* MEReadingIntroViewController.h */ = {isa = PBXFileReference; fileEncoding = 4; lastKnownFileType = sourcecode.c.h; path = MEReadingIntroViewController.h; sourceTree = "<group>"; };
		6BA87A1F150FB47D00FEB198 /* MEReadingIntroViewController.m */ = {isa = PBXFileReference; fileEncoding = 4; lastKnownFileType = sourcecode.c.objc; path = MEReadingIntroViewController.m; sourceTree = "<group>"; };
		6BA87A20150FB47D00FEB198 /* MEReadingIntroViewController.xib */ = {isa = PBXFileReference; fileEncoding = 4; lastKnownFileType = file.xib; path = MEReadingIntroViewController.xib; sourceTree = "<group>"; };
		6BA87A27150FBF6B00FEB198 /* navHome@2x.png */ = {isa = PBXFileReference; lastKnownFileType = image.png; path = "navHome@2x.png"; sourceTree = "<group>"; };
		6BA87A28150FBF6B00FEB198 /* navNext@2x.png */ = {isa = PBXFileReference; lastKnownFileType = image.png; path = "navNext@2x.png"; sourceTree = "<group>"; };
		6BA87A29150FBF6B00FEB198 /* navPrev@2x.png */ = {isa = PBXFileReference; lastKnownFileType = image.png; path = "navPrev@2x.png"; sourceTree = "<group>"; };
		6BA87A2A150FBF6B00FEB198 /* ufo@2x.png */ = {isa = PBXFileReference; lastKnownFileType = image.png; path = "ufo@2x.png"; sourceTree = "<group>"; };
		6BB3F48F1505FE7A00E7C72E /* Math Explorer.app */ = {isa = PBXFileReference; explicitFileType = wrapper.application; includeInIndex = 0; path = "Math Explorer.app"; sourceTree = BUILT_PRODUCTS_DIR; };
		6BB3F4931505FE7A00E7C72E /* UIKit.framework */ = {isa = PBXFileReference; lastKnownFileType = wrapper.framework; name = UIKit.framework; path = System/Library/Frameworks/UIKit.framework; sourceTree = SDKROOT; };
		6BB3F4951505FE7A00E7C72E /* Foundation.framework */ = {isa = PBXFileReference; lastKnownFileType = wrapper.framework; name = Foundation.framework; path = System/Library/Frameworks/Foundation.framework; sourceTree = SDKROOT; };
		6BB3F4971505FE7A00E7C72E /* CoreGraphics.framework */ = {isa = PBXFileReference; lastKnownFileType = wrapper.framework; name = CoreGraphics.framework; path = System/Library/Frameworks/CoreGraphics.framework; sourceTree = SDKROOT; };
		6BB3F49B1505FE7A00E7C72E /* Math Explorer-Info.plist */ = {isa = PBXFileReference; lastKnownFileType = text.plist.xml; path = "Math Explorer-Info.plist"; sourceTree = "<group>"; };
		6BB3F49F1505FE7A00E7C72E /* main.m */ = {isa = PBXFileReference; lastKnownFileType = sourcecode.c.objc; path = main.m; sourceTree = "<group>"; };
		6BB3F4A11505FE7A00E7C72E /* Math Explorer-Prefix.pch */ = {isa = PBXFileReference; lastKnownFileType = sourcecode.c.h; path = "Math Explorer-Prefix.pch"; sourceTree = "<group>"; };
		6BB3F4A21505FE7A00E7C72E /* MEAppDelegate.h */ = {isa = PBXFileReference; lastKnownFileType = sourcecode.c.h; path = MEAppDelegate.h; sourceTree = "<group>"; };
		6BB3F4A31505FE7A00E7C72E /* MEAppDelegate.m */ = {isa = PBXFileReference; lastKnownFileType = sourcecode.c.objc; path = MEAppDelegate.m; sourceTree = "<group>"; };
		6BB3F4BA1506019300E7C72E /* MELanguageSelectionViewController.h */ = {isa = PBXFileReference; fileEncoding = 4; lastKnownFileType = sourcecode.c.h; path = MELanguageSelectionViewController.h; sourceTree = "<group>"; };
		6BB3F4BB1506019300E7C72E /* MELanguageSelectionViewController.m */ = {isa = PBXFileReference; fileEncoding = 4; lastKnownFileType = sourcecode.c.objc; path = MELanguageSelectionViewController.m; sourceTree = "<group>"; };
		6BB3F4BC1506019300E7C72E /* MELanguageSelectionViewController.xib */ = {isa = PBXFileReference; fileEncoding = 4; lastKnownFileType = file.xib; path = MELanguageSelectionViewController.xib; sourceTree = "<group>"; };
		6BB3F4C215060D3B00E7C72E /* background.png */ = {isa = PBXFileReference; lastKnownFileType = image.png; path = background.png; sourceTree = "<group>"; };
		6BB3F4CC1506173C00E7C72E /* METitleViewController.h */ = {isa = PBXFileReference; fileEncoding = 4; lastKnownFileType = sourcecode.c.h; path = METitleViewController.h; sourceTree = "<group>"; };
		6BB3F4CD1506173C00E7C72E /* METitleViewController.m */ = {isa = PBXFileReference; fileEncoding = 4; lastKnownFileType = sourcecode.c.objc; path = METitleViewController.m; sourceTree = "<group>"; };
		6BB3F4CE1506173C00E7C72E /* METitleViewController.xib */ = {isa = PBXFileReference; fileEncoding = 4; lastKnownFileType = file.xib; path = METitleViewController.xib; sourceTree = "<group>"; };
		6BB3F4D11506184000E7C72E /* ufo.png */ = {isa = PBXFileReference; lastKnownFileType = image.png; path = ufo.png; sourceTree = "<group>"; };
		6BF064B7152517D100A540B7 /* MEFindingIntroViewController.h */ = {isa = PBXFileReference; fileEncoding = 4; lastKnownFileType = sourcecode.c.h; path = MEFindingIntroViewController.h; sourceTree = "<group>"; };
		6BF064B8152517D100A540B7 /* MEFindingIntroViewController.m */ = {isa = PBXFileReference; fileEncoding = 4; lastKnownFileType = sourcecode.c.objc; path = MEFindingIntroViewController.m; sourceTree = "<group>"; };
		6BF064B9152517D100A540B7 /* MEFindingIntroViewController.xib */ = {isa = PBXFileReference; fileEncoding = 4; lastKnownFileType = file.xib; path = MEFindingIntroViewController.xib; sourceTree = "<group>"; };
/* End PBXFileReference section */

/* Begin PBXFrameworksBuildPhase section */
		6BB3F48C1505FE7A00E7C72E /* Frameworks */ = {
			isa = PBXFrameworksBuildPhase;
			buildActionMask = 2147483647;
			files = (
				6B014E2715073DD50005DB22 /* libsqlite3.dylib in Frameworks */,
				6BB3F4941505FE7A00E7C72E /* UIKit.framework in Frameworks */,
				6BB3F4961505FE7A00E7C72E /* Foundation.framework in Frameworks */,
				6BB3F4981505FE7A00E7C72E /* CoreGraphics.framework in Frameworks */,
			);
			runOnlyForDeploymentPostprocessing = 0;
		};
/* End PBXFrameworksBuildPhase section */

/* Begin PBXGroup section */
		6B014E2D15074BD70005DB22 /* 3. Learning Goal */ = {
			isa = PBXGroup;
			children = (
				6B014E2E15074BF70005DB22 /* MELearningGoalViewController.h */,
				6B014E2F15074BF70005DB22 /* MELearningGoalViewController.m */,
				6B014E3015074BF70005DB22 /* MELearningGoalViewController.xib */,
			);
			name = "3. Learning Goal";
			sourceTree = "<group>";
		};
		6B77A4E1150A0D85003F5611 /* Sound Resources */ = {
			isa = PBXGroup;
			children = (
				6B77A4EF150A3036003F5611 /* me.title.en.m4a */,
				6B77A4F4150A31B3003F5611 /* me.subtitle.en.m4a */,
			);
			name = "Sound Resources";
			sourceTree = "<group>";
		};
		6B77A4ED150A1FDA003F5611 /* 4. Reading Section */ = {
			isa = PBXGroup;
			children = (
				6B77A4F3150A3061003F5611 /* Section 1 */,
				6BA87A1E150FB47D00FEB198 /* MEReadingIntroViewController.h */,
				6BA87A1F150FB47D00FEB198 /* MEReadingIntroViewController.m */,
				6BA87A20150FB47D00FEB198 /* MEReadingIntroViewController.xib */,
			);
			name = "4. Reading Section";
			sourceTree = "<group>";
		};
		6B77A4EE150A2533003F5611 /* Resources */ = {
			isa = PBXGroup;
			children = (
				6BB3F4BF15060A9F00E7C72E /* Image Resources */,
				6B77A4E1150A0D85003F5611 /* Sound Resources */,
			);
			name = Resources;
			sourceTree = "<group>";
		};
		6B77A4F2150A3059003F5611 /* 5. Finding Section */ = {
			isa = PBXGroup;
			children = (
				6B90AB4D152B5DE900AC64FF /* Section 1 */,
				6BF064B7152517D100A540B7 /* MEFindingIntroViewController.h */,
				6BF064B8152517D100A540B7 /* MEFindingIntroViewController.m */,
				6BF064B9152517D100A540B7 /* MEFindingIntroViewController.xib */,
			);
			name = "5. Finding Section";
			sourceTree = "<group>";
		};
		6B77A4F3150A3061003F5611 /* Section 1 */ = {
			isa = PBXGroup;
			children = (
				6BA87A18150FB1AF00FEB198 /* MEReadingSection1ViewController.h */,
				6BA87A19150FB1AF00FEB198 /* MEReadingSection1ViewController.m */,
				6BA87A1A150FB1AF00FEB198 /* MEReadingSection1ViewController.xib */,
			);
			name = "Section 1";
			sourceTree = "<group>";
		};
		6B90AB4D152B5DE900AC64FF /* Section 1 */ = {
			isa = PBXGroup;
			children = (
				6B90AB4F152B5E8D00AC64FF /* MEFindingSection1ViewController.h */,
				6B90AB50152B5E8D00AC64FF /* MEFindingSection1ViewController.m */,
				6B90AB51152B5E8D00AC64FF /* MEFindingSection1ViewController.xib */,
			);
			name = "Section 1";
			sourceTree = "<group>";
		};
		6BB3F4841505FE7A00E7C72E = {
			isa = PBXGroup;
			children = (
				6BB3F4991505FE7A00E7C72E /* Math Explorer */,
				6BB3F4921505FE7A00E7C72E /* Frameworks */,
				6BB3F4901505FE7A00E7C72E /* Products */,
			);
			sourceTree = "<group>";
		};
		6BB3F4901505FE7A00E7C72E /* Products */ = {
			isa = PBXGroup;
			children = (
				6BB3F48F1505FE7A00E7C72E /* Math Explorer.app */,
			);
			name = Products;
			sourceTree = "<group>";
		};
		6BB3F4921505FE7A00E7C72E /* Frameworks */ = {
			isa = PBXGroup;
			children = (
				6B014E2615073DD50005DB22 /* libsqlite3.dylib */,
				6BB3F4971505FE7A00E7C72E /* CoreGraphics.framework */,
				6BB3F4951505FE7A00E7C72E /* Foundation.framework */,
				6BB3F4931505FE7A00E7C72E /* UIKit.framework */,
			);
			name = Frameworks;
			sourceTree = "<group>";
		};
		6BB3F4991505FE7A00E7C72E /* Math Explorer */ = {
			isa = PBXGroup;
			children = (
				6B77A4EE150A2533003F5611 /* Resources */,
				6BB3F4B81506014C00E7C72E /* Screens */,
				6BB3F49A1505FE7A00E7C72E /* Supporting Files */,
			);
			path = "Math Explorer";
			sourceTree = "<group>";
		};
		6BB3F49A1505FE7A00E7C72E /* Supporting Files */ = {
			isa = PBXGroup;
			children = (
				6BB3F49F1505FE7A00E7C72E /* main.m */,
				6BB3F49B1505FE7A00E7C72E /* Math Explorer-Info.plist */,
				6BB3F4A11505FE7A00E7C72E /* Math Explorer-Prefix.pch */,
				6BB3F4A21505FE7A00E7C72E /* MEAppDelegate.h */,
				6BB3F4A31505FE7A00E7C72E /* MEAppDelegate.m */,
				6B014E291507466D0005DB22 /* MEDatabase.sqlite3 */,
			);
			name = "Supporting Files";
			sourceTree = "<group>";
		};
		6BB3F4B81506014C00E7C72E /* Screens */ = {
			isa = PBXGroup;
			children = (
				6BB3F4B91506015A00E7C72E /* 1. Language Selection */,
				6BB3F4CA1506150900E7C72E /* 2. Title */,
				6B014E2D15074BD70005DB22 /* 3. Learning Goal */,
				6B77A4ED150A1FDA003F5611 /* 4. Reading Section */,
				6B77A4F2150A3059003F5611 /* 5. Finding Section */,
			);
			name = Screens;
			sourceTree = "<group>";
		};
		6BB3F4B91506015A00E7C72E /* 1. Language Selection */ = {
			isa = PBXGroup;
			children = (
				6BB3F4BA1506019300E7C72E /* MELanguageSelectionViewController.h */,
				6BB3F4BB1506019300E7C72E /* MELanguageSelectionViewController.m */,
				6BB3F4BC1506019300E7C72E /* MELanguageSelectionViewController.xib */,
			);
			name = "1. Language Selection";
			sourceTree = "<group>";
		};
		6BB3F4BF15060A9F00E7C72E /* Image Resources */ = {
			isa = PBXGroup;
			children = (
				6B77A4E7150A1E72003F5611 /* navHome.png */,
				6BA87A27150FBF6B00FEB198 /* navHome@2x.png */,
				6B77A4E8150A1E72003F5611 /* navNext.png */,
				6BA87A28150FBF6B00FEB198 /* navNext@2x.png */,
				6B77A4E9150A1E72003F5611 /* navPrev.png */,
				6BA87A29150FBF6B00FEB198 /* navPrev@2x.png */,
				6BB3F4C215060D3B00E7C72E /* background.png */,
				6BB3F4D11506184000E7C72E /* ufo.png */,
				6BA87A2A150FBF6B00FEB198 /* ufo@2x.png */,
			);
			name = "Image Resources";
			sourceTree = "<group>";
		};
		6BB3F4CA1506150900E7C72E /* 2. Title */ = {
			isa = PBXGroup;
			children = (
				6BB3F4CC1506173C00E7C72E /* METitleViewController.h */,
				6BB3F4CD1506173C00E7C72E /* METitleViewController.m */,
				6BB3F4CE1506173C00E7C72E /* METitleViewController.xib */,
			);
			name = "2. Title";
			sourceTree = "<group>";
		};
/* End PBXGroup section */

/* Begin PBXNativeTarget section */
		6BB3F48E1505FE7A00E7C72E /* Math Explorer */ = {
			isa = PBXNativeTarget;
			buildConfigurationList = 6BB3F4A71505FE7A00E7C72E /* Build configuration list for PBXNativeTarget "Math Explorer" */;
			buildPhases = (
				6BB3F48B1505FE7A00E7C72E /* Sources */,
				6BB3F48C1505FE7A00E7C72E /* Frameworks */,
				6BB3F48D1505FE7A00E7C72E /* Resources */,
			);
			buildRules = (
			);
			dependencies = (
			);
			name = "Math Explorer";
			productName = "Math Explorer";
			productReference = 6BB3F48F1505FE7A00E7C72E /* Math Explorer.app */;
			productType = "com.apple.product-type.application";
		};
/* End PBXNativeTarget section */

/* Begin PBXProject section */
		6BB3F4861505FE7A00E7C72E /* Project object */ = {
			isa = PBXProject;
			attributes = {
				CLASSPREFIX = ME;
				LastUpgradeCheck = 0440;
				ORGANIZATIONNAME = "SI devIk";
			};
			buildConfigurationList = 6BB3F4891505FE7A00E7C72E /* Build configuration list for PBXProject "Math Explorer" */;
			compatibilityVersion = "Xcode 3.2";
			developmentRegion = English;
			hasScannedForEncodings = 0;
			knownRegions = (
				en,
			);
			mainGroup = 6BB3F4841505FE7A00E7C72E;
			productRefGroup = 6BB3F4901505FE7A00E7C72E /* Products */;
			projectDirPath = "";
			projectRoot = "";
			targets = (
				6BB3F48E1505FE7A00E7C72E /* Math Explorer */,
			);
		};
/* End PBXProject section */

/* Begin PBXResourcesBuildPhase section */
		6BB3F48D1505FE7A00E7C72E /* Resources */ = {
			isa = PBXResourcesBuildPhase;
			buildActionMask = 2147483647;
			files = (
				6B014E2A150748810005DB22 /* MEDatabase.sqlite3 in Resources */,
				6BB3F4BE1506019300E7C72E /* MELanguageSelectionViewController.xib in Resources */,
				6BB3F4C315060D3B00E7C72E /* background.png in Resources */,
				6BB3F4D01506173C00E7C72E /* METitleViewController.xib in Resources */,
				6BB3F4D21506184000E7C72E /* ufo.png in Resources */,
				6B014E3215074BF70005DB22 /* MELearningGoalViewController.xib in Resources */,
				6B77A4EA150A1E72003F5611 /* navHome.png in Resources */,
				6B77A4EB150A1E72003F5611 /* navNext.png in Resources */,
				6B77A4EC150A1E72003F5611 /* navPrev.png in Resources */,
				6BA87A1C150FB1AF00FEB198 /* MEReadingSection1ViewController.xib in Resources */,
				6BA87A22150FB47D00FEB198 /* MEReadingIntroViewController.xib in Resources */,
				6BA87A2B150FBF6B00FEB198 /* navHome@2x.png in Resources */,
				6BA87A2C150FBF6B00FEB198 /* navNext@2x.png in Resources */,
				6BA87A2D150FBF6B00FEB198 /* navPrev@2x.png in Resources */,
				6BA87A2E150FBF6B00FEB198 /* ufo@2x.png in Resources */,
				6BF064BB152517D100A540B7 /* MEFindingIntroViewController.xib in Resources */,
				6B90AB53152B5E8D00AC64FF /* MEFindingSection1ViewController.xib in Resources */,
			);
			runOnlyForDeploymentPostprocessing = 0;
		};
/* End PBXResourcesBuildPhase section */

/* Begin PBXSourcesBuildPhase section */
		6BB3F48B1505FE7A00E7C72E /* Sources */ = {
			isa = PBXSourcesBuildPhase;
			buildActionMask = 2147483647;
			files = (
				6BB3F4A01505FE7A00E7C72E /* main.m in Sources */,
				6BB3F4A41505FE7A00E7C72E /* MEAppDelegate.m in Sources */,
				6BB3F4BD1506019300E7C72E /* MELanguageSelectionViewController.m in Sources */,
				6BB3F4CF1506173C00E7C72E /* METitleViewController.m in Sources */,
				6B014E3115074BF70005DB22 /* MELearningGoalViewController.m in Sources */,
				6BA87A1B150FB1AF00FEB198 /* MEReadingSection1ViewController.m in Sources */,
				6BA87A21150FB47D00FEB198 /* MEReadingIntroViewController.m in Sources */,
				6BF064BA152517D100A540B7 /* MEFindingIntroViewController.m in Sources */,
				6B90AB52152B5E8D00AC64FF /* MEFindingSection1ViewController.m in Sources */,
			);
			runOnlyForDeploymentPostprocessing = 0;
		};
/* End PBXSourcesBuildPhase section */

/* Begin XCBuildConfiguration section */
		6BB3F4A51505FE7A00E7C72E /* Debug */ = {
			isa = XCBuildConfiguration;
			buildSettings = {
				ALWAYS_SEARCH_USER_PATHS = NO;
				ARCHS = "$(ARCHS_STANDARD_32_BIT)";
				CLANG_ENABLE_OBJC_ARC = YES;
				CODE_SIGN_ENTITLEMENTS = "";
				CODE_SIGN_IDENTITY = "iPhone Developer";
				"CODE_SIGN_IDENTITY[sdk=iphoneos*]" = "iPhone Developer";
				COPY_PHASE_STRIP = NO;
				GCC_C_LANGUAGE_STANDARD = gnu99;
				GCC_DYNAMIC_NO_PIC = NO;
				GCC_OPTIMIZATION_LEVEL = 0;
				GCC_PREPROCESSOR_DEFINITIONS = (
					"DEBUG=1",
					"$(inherited)",
				);
				GCC_SYMBOLS_PRIVATE_EXTERN = NO;
				GCC_VERSION = com.apple.compilers.llvm.clang.1_0;
				GCC_WARN_ABOUT_RETURN_TYPE = YES;
				GCC_WARN_UNINITIALIZED_AUTOS = YES;
				GCC_WARN_UNUSED_VARIABLE = YES;
				IPHONEOS_DEPLOYMENT_TARGET = 5.1;
				PROVISIONING_PROFILE = "";
				SDKROOT = iphoneos;
				TARGETED_DEVICE_FAMILY = 2;
			};
			name = Debug;
		};
		6BB3F4A61505FE7A00E7C72E /* Release */ = {
			isa = XCBuildConfiguration;
			buildSettings = {
				ALWAYS_SEARCH_USER_PATHS = NO;
				ARCHS = "$(ARCHS_STANDARD_32_BIT)";
				CLANG_ENABLE_OBJC_ARC = YES;
				CODE_SIGN_IDENTITY = "iPhone Developer";
				"CODE_SIGN_IDENTITY[sdk=iphoneos*]" = "iPhone Developer";
				COPY_PHASE_STRIP = YES;
				GCC_C_LANGUAGE_STANDARD = gnu99;
				GCC_VERSION = com.apple.compilers.llvm.clang.1_0;
				GCC_WARN_ABOUT_RETURN_TYPE = YES;
				GCC_WARN_UNINITIALIZED_AUTOS = YES;
				GCC_WARN_UNUSED_VARIABLE = YES;
				IPHONEOS_DEPLOYMENT_TARGET = 5.1;
				OTHER_CFLAGS = "-DNS_BLOCK_ASSERTIONS=1";
				PROVISIONING_PROFILE = "";
				SDKROOT = iphoneos;
				TARGETED_DEVICE_FAMILY = 2;
				VALIDATE_PRODUCT = YES;
			};
			name = Release;
		};
		6BB3F4A81505FE7A00E7C72E /* Debug */ = {
			isa = XCBuildConfiguration;
			buildSettings = {
				GCC_PRECOMPILE_PREFIX_HEADER = YES;
				GCC_PREFIX_HEADER = "Math Explorer/Math Explorer-Prefix.pch";
				INFOPLIST_FILE = "Math Explorer/Math Explorer-Info.plist";
				PRODUCT_NAME = "$(TARGET_NAME)";
				WRAPPER_EXTENSION = app;
			};
			name = Debug;
		};
		6BB3F4A91505FE7A00E7C72E /* Release */ = {
			isa = XCBuildConfiguration;
			buildSettings = {
				GCC_PRECOMPILE_PREFIX_HEADER = YES;
				GCC_PREFIX_HEADER = "Math Explorer/Math Explorer-Prefix.pch";
				INFOPLIST_FILE = "Math Explorer/Math Explorer-Info.plist";
				PRODUCT_NAME = "$(TARGET_NAME)";
				WRAPPER_EXTENSION = app;
			};
			name = Release;
		};
/* End XCBuildConfiguration section */

/* Begin XCConfigurationList section */
		6BB3F4891505FE7A00E7C72E /* Build configuration list for PBXProject "Math Explorer" */ = {
			isa = XCConfigurationList;
			buildConfigurations = (
				6BB3F4A51505FE7A00E7C72E /* Debug */,
				6BB3F4A61505FE7A00E7C72E /* Release */,
			);
			defaultConfigurationIsVisible = 0;
			defaultConfigurationName = Release;
		};
		6BB3F4A71505FE7A00E7C72E /* Build configuration list for PBXNativeTarget "Math Explorer" */ = {
			isa = XCConfigurationList;
			buildConfigurations = (
				6BB3F4A81505FE7A00E7C72E /* Debug */,
				6BB3F4A91505FE7A00E7C72E /* Release */,
			);
			defaultConfigurationIsVisible = 0;
			defaultConfigurationName = Release;
		};
/* End XCConfigurationList section */
	};
	rootObject = 6BB3F4861505FE7A00E7C72E /* Project object */;
}
